
Microsoft Visual Studio Solution File, Format Version 12.00
# Visual Studio Version 18
VisualStudioVersion = 18.2.11408.102 d18.0
MinimumVisualStudioVersion = 10.0.40219.1
Project("{FAE04EC0-301F-11D3-BF4B-00C04F79EFBC}") = "PhysioWeb", "PhysioWeb\PhysioWeb.csproj", "{C52EC25F-E180-4C35-A20D-5BCBD3584E60}"
EndProject
Global
	GlobalSection(SolutionConfigurationPlatforms) = preSolution
		Debug|Any CPU = Debug|Any CPU
		Release|Any CPU = Release|Any CPU
	EndGlobalSection
	GlobalSection(ProjectConfigurationPlatforms) = postSolution
		{C52EC25F-E180-4C35-A20D-5BCBD3584E60}.Debug|Any CPU.ActiveCfg = Debug|Any CPU
		{C52EC25F-E180-4C35-A20D-5BCBD3584E60}.Debug|Any CPU.Build.0 = Debug|Any CPU
		{C52EC25F-E180-4C35-A20D-5BCBD3584E60}.Release|Any CPU.ActiveCfg = Release|Any CPU
		{C52EC25F-E180-4C35-A20D-5BCBD3584E60}.Release|Any CPU.Build.0 = Release|Any CPU
	EndGlobalSection
	GlobalSection(SolutionProperties) = preSolution
		HideSolutionNode = FALSE
	EndGlobalSection
	GlobalSection(ExtensibilityGlobals) = postSolution
		SolutionGuid = {790D73A1-8F0E-44F4-B18F-F993639E5D94}
	EndGlobalSection
EndGlobal
